// !$*UTF8*$!
{
	archiveVersion = 1;
	classes = {
	};
	objectVersion = 50;
	objects = {

/* Begin PBXBuildFile section */
		B80565E820CD58BD00AE9B19 /* customTableViewCell.swift in Sources */ = {isa = PBXBuildFile; fileRef = B80565E720CD58BD00AE9B19 /* customTableViewCell.swift */; };
		B8D9653920C187F600C65195 /* AppDelegate.swift in Sources */ = {isa = PBXBuildFile; fileRef = B8D9653820C187F600C65195 /* AppDelegate.swift */; };
		B8D9653B20C187F600C65195 /* ViewController.swift in Sources */ = {isa = PBXBuildFile; fileRef = B8D9653A20C187F600C65195 /* ViewController.swift */; };
		B8D9653E20C187F600C65195 /* Main.storyboard in Resources */ = {isa = PBXBuildFile; fileRef = B8D9653C20C187F600C65195 /* Main.storyboard */; };
		B8D9654020C187F800C65195 /* Assets.xcassets in Resources */ = {isa = PBXBuildFile; fileRef = B8D9653F20C187F800C65195 /* Assets.xcassets */; };
		B8D9654320C187F800C65195 /* LaunchScreen.storyboard in Resources */ = {isa = PBXBuildFile; fileRef = B8D9654120C187F800C65195 /* LaunchScreen.storyboard */; };
		B8D9654E20C187F800C65195 /* BudgetAppTests.swift in Sources */ = {isa = PBXBuildFile; fileRef = B8D9654D20C187F800C65195 /* BudgetAppTests.swift */; };
		B8D9655920C187F800C65195 /* BudgetAppUITests.swift in Sources */ = {isa = PBXBuildFile; fileRef = B8D9655820C187F800C65195 /* BudgetAppUITests.swift */; };
/* End PBXBuildFile section */

/* Begin PBXContainerItemProxy section */
		B8D9654A20C187F800C65195 /* PBXContainerItemProxy */ = {
			isa = PBXContainerItemProxy;
			containerPortal = B8D9652D20C187F600C65195 /* Project object */;
			proxyType = 1;
			remoteGlobalIDString = B8D9653420C187F600C65195;
			remoteInfo = BudgetApp;
		};
		B8D9655520C187F800C65195 /* PBXContainerItemProxy */ = {
			isa = PBXContainerItemProxy;
			containerPortal = B8D9652D20C187F600C65195 /* Project object */;
			proxyType = 1;
			remoteGlobalIDString = B8D9653420C187F600C65195;
			remoteInfo = BudgetApp;
		};
/* End PBXContainerItemProxy section */

/* Begin PBXFileReference section */
		B80565E720CD58BD00AE9B19 /* customTableViewCell.swift */ = {isa = PBXFileReference; lastKnownFileType = sourcecode.swift; path = customTableViewCell.swift; sourceTree = "<group>"; };
		B8D9653520C187F600C65195 /* BudgetApp.app */ = {isa = PBXFileReference; explicitFileType = wrapper.application; includeInIndex = 0; path = BudgetApp.app; sourceTree = BUILT_PRODUCTS_DIR; };
		B8D9653820C187F600C65195 /* AppDelegate.swift */ = {isa = PBXFileReference; lastKnownFileType = sourcecode.swift; path = AppDelegate.swift; sourceTree = "<group>"; };
		B8D9653A20C187F600C65195 /* ViewController.swift */ = {isa = PBXFileReference; lastKnownFileType = sourcecode.swift; path = ViewController.swift; sourceTree = "<group>"; };
		B8D9653D20C187F600C65195 /* Base */ = {isa = PBXFileReference; lastKnownFileType = file.storyboard; name = Base; path = Base.lproj/Main.storyboard; sourceTree = "<group>"; };
		B8D9653F20C187F800C65195 /* Assets.xcassets */ = {isa = PBXFileReference; lastKnownFileType = folder.assetcatalog; path = Assets.xcassets; sourceTree = "<group>"; };
		B8D9654220C187F800C65195 /* Base */ = {isa = PBXFileReference; lastKnownFileType = file.storyboard; name = Base; path = Base.lproj/LaunchScreen.storyboard; sourceTree = "<group>"; };
		B8D9654420C187F800C65195 /* Info.plist */ = {isa = PBXFileReference; lastKnownFileType = text.plist.xml; path = Info.plist; sourceTree = "<group>"; };
		B8D9654920C187F800C65195 /* BudgetAppTests.xctest */ = {isa = PBXFileReference; explicitFileType = wrapper.cfbundle; includeInIndex = 0; path = BudgetAppTests.xctest; sourceTree = BUILT_PRODUCTS_DIR; };
		B8D9654D20C187F800C65195 /* BudgetAppTests.swift */ = {isa = PBXFileReference; lastKnownFileType = sourcecode.swift; path = BudgetAppTests.swift; sourceTree = "<group>"; };
		B8D9654F20C187F800C65195 /* Info.plist */ = {isa = PBXFileReference; lastKnownFileType = text.plist.xml; path = Info.plist; sourceTree = "<group>"; };
		B8D9655420C187F800C65195 /* BudgetAppUITests.xctest */ = {isa = PBXFileReference; explicitFileType = wrapper.cfbundle; includeInIndex = 0; path = BudgetAppUITests.xctest; sourceTree = BUILT_PRODUCTS_DIR; };
		B8D9655820C187F800C65195 /* BudgetAppUITests.swift */ = {isa = PBXFileReference; lastKnownFileType = sourcecode.swift; path = BudgetAppUITests.swift; sourceTree = "<group>"; };
		B8D9655A20C187F800C65195 /* Info.plist */ = {isa = PBXFileReference; lastKnownFileType = text.plist.xml; path = Info.plist; sourceTree = "<group>"; };
/* End PBXFileReference section */

/* Begin PBXFrameworksBuildPhase section */
		B8D9653220C187F600C65195 /* Frameworks */ = {
			isa = PBXFrameworksBuildPhase;
			buildActionMask = 2147483647;
			files = (
			);
			runOnlyForDeploymentPostprocessing = 0;
		};
		B8D9654620C187F800C65195 /* Frameworks */ = {
			isa = PBXFrameworksBuildPhase;
			buildActionMask = 2147483647;
			files = (
			);
			runOnlyForDeploymentPostprocessing = 0;
		};
		B8D9655120C187F800C65195 /* Frameworks */ = {
			isa = PBXFrameworksBuildPhase;
			buildActionMask = 2147483647;
			files = (
			);
			runOnlyForDeploymentPostprocessing = 0;
		};
/* End PBXFrameworksBuildPhase section */

/* Begin PBXGroup section */
		B8D9652C20C187F600C65195 = {
			isa = PBXGroup;
			children = (
				B8D9653720C187F600C65195 /* BudgetApp */,
				B8D9654C20C187F800C65195 /* BudgetAppTests */,
				B8D9655720C187F800C65195 /* BudgetAppUITests */,
				B8D9653620C187F600C65195 /* Products */,
			);
			sourceTree = "<group>";
		};
		B8D9653620C187F600C65195 /* Products */ = {
			isa = PBXGroup;
			children = (
				B8D9653520C187F600C65195 /* BudgetApp.app */,
				B8D9654920C187F800C65195 /* BudgetAppTests.xctest */,
				B8D9655420C187F800C65195 /* BudgetAppUITests.xctest */,
			);
			name = Products;
			sourceTree = "<group>";
		};
		B8D9653720C187F600C65195 /* BudgetApp */ = {
			isa = PBXGroup;
			children = (
				B8D9653820C187F600C65195 /* AppDelegate.swift */,
				B8D9653A20C187F600C65195 /* ViewController.swift */,
				B8D9653C20C187F600C65195 /* Main.storyboard */,
				B8D9653F20C187F800C65195 /* Assets.xcassets */,
				B8D9654120C187F800C65195 /* LaunchScreen.storyboard */,
				B8D9654420C187F800C65195 /* Info.plist */,
				B80565E720CD58BD00AE9B19 /* customTableViewCell.swift */,
			);
			path = BudgetApp;
			sourceTree = "<group>";
		};
		B8D9654C20C187F800C65195 /* BudgetAppTests */ = {
			isa = PBXGroup;
			children = (
				B8D9654D20C187F800C65195 /* BudgetAppTests.swift */,
				B8D9654F20C187F800C65195 /* Info.plist */,
			);
			path = BudgetAppTests;
			sourceTree = "<group>";
		};
		B8D9655720C187F800C65195 /* BudgetAppUITests */ = {
			isa = PBXGroup;
			children = (
				B8D9655820C187F800C65195 /* BudgetAppUITests.swift */,
				B8D9655A20C187F800C65195 /* Info.plist */,
			);
			path = BudgetAppUITests;
			sourceTree = "<group>";
		};
/* End PBXGroup section */

/* Begin PBXNativeTarget section */
		B8D9653420C187F600C65195 /* BudgetApp */ = {
			isa = PBXNativeTarget;
			buildConfigurationList = B8D9655D20C187F800C65195 /* Build configuration list for PBXNativeTarget "BudgetApp" */;
			buildPhases = (
				B8D9653120C187F600C65195 /* Sources */,
				B8D9653220C187F600C65195 /* Frameworks */,
				B8D9653320C187F600C65195 /* Resources */,
			);
			buildRules = (
			);
			dependencies = (
			);
			name = BudgetApp;
			productName = BudgetApp;
			productReference = B8D9653520C187F600C65195 /* BudgetApp.app */;
			productType = "com.apple.product-type.application";
		};
		B8D9654820C187F800C65195 /* BudgetAppTests */ = {
			isa = PBXNativeTarget;
			buildConfigurationList = B8D9656020C187F800C65195 /* Build configuration list for PBXNativeTarget "BudgetAppTests" */;
			buildPhases = (
				B8D9654520C187F800C65195 /* Sources */,
				B8D9654620C187F800C65195 /* Frameworks */,
				B8D9654720C187F800C65195 /* Resources */,
			);
			buildRules = (
			);
			dependencies = (
				B8D9654B20C187F800C65195 /* PBXTargetDependency */,
			);
			name = BudgetAppTests;
			productName = BudgetAppTests;
			productReference = B8D9654920C187F800C65195 /* BudgetAppTests.xctest */;
			productType = "com.apple.product-type.bundle.unit-test";
		};
		B8D9655320C187F800C65195 /* BudgetAppUITests */ = {
			isa = PBXNativeTarget;
			buildConfigurationList = B8D9656320C187F800C65195 /* Build configuration list for PBXNativeTarget "BudgetAppUITests" */;
			buildPhases = (
				B8D9655020C187F800C65195 /* Sources */,
				B8D9655120C187F800C65195 /* Frameworks */,
				B8D9655220C187F800C65195 /* Resources */,
			);
			buildRules = (
			);
			dependencies = (
				B8D9655620C187F800C65195 /* PBXTargetDependency */,
			);
			name = BudgetAppUITests;
			productName = BudgetAppUITests;
			productReference = B8D9655420C187F800C65195 /* BudgetAppUITests.xctest */;
			productType = "com.apple.product-type.bundle.ui-testing";
		};
/* End PBXNativeTarget section */

/* Begin PBXProject section */
		B8D9652D20C187F600C65195 /* Project object */ = {
			isa = PBXProject;
			attributes = {
				LastSwiftUpdateCheck = 0940;
				LastUpgradeCheck = 0940;
				ORGANIZATIONNAME = "Christian Sletten";
				TargetAttributes = {
					B8D9653420C187F600C65195 = {
						CreatedOnToolsVersion = 9.4;
					};
					B8D9654820C187F800C65195 = {
						CreatedOnToolsVersion = 9.4;
						TestTargetID = B8D9653420C187F600C65195;
					};
					B8D9655320C187F800C65195 = {
						CreatedOnToolsVersion = 9.4;
						TestTargetID = B8D9653420C187F600C65195;
					};
				};
			};
			buildConfigurationList = B8D9653020C187F600C65195 /* Build configuration list for PBXProject "BudgetApp" */;
			compatibilityVersion = "Xcode 9.3";
			developmentRegion = en;
			hasScannedForEncodings = 0;
			knownRegions = (
				en,
				Base,
			);
			mainGroup = B8D9652C20C187F600C65195;
			productRefGroup = B8D9653620C187F600C65195 /* Products */;
			projectDirPath = "";
			projectRoot = "";
			targets = (
				B8D9653420C187F600C65195 /* BudgetApp */,
				B8D9654820C187F800C65195 /* BudgetAppTests */,
				B8D9655320C187F800C65195 /* BudgetAppUITests */,
			);
		};
/* End PBXProject section */

/* Begin PBXResourcesBuildPhase section */
		B8D9653320C187F600C65195 /* Resources */ = {
			isa = PBXResourcesBuildPhase;
			buildActionMask = 2147483647;
			files = (
				B8D9654320C187F800C65195 /* LaunchScreen.storyboard in Resources */,
				B8D9654020C187F800C65195 /* Assets.xcassets in Resources */,
				B8D9653E20C187F600C65195 /* Main.storyboard in Resources */,
			);
			runOnlyForDeploymentPostprocessing = 0;
		};
		B8D9654720C187F800C65195 /* Resources */ = {
			isa = PBXResourcesBuildPhase;
			buildActionMask = 2147483647;
			files = (
			);
			runOnlyForDeploymentPostprocessing = 0;
		};
		B8D9655220C187F800C65195 /* Resources */ = {
			isa = PBXResourcesBuildPhase;
			buildActionMask = 2147483647;
			files = (
			);
			runOnlyForDeploymentPostprocessing = 0;
		};
/* End PBXResourcesBuildPhase section */

/* Begin PBXSourcesBuildPhase section */
		B8D9653120C187F600C65195 /* Sources */ = {
			isa = PBXSourcesBuildPhase;
			buildActionMask = 2147483647;
			files = (
				B8D9653B20C187F600C65195 /* ViewController.swift in Sources */,
				B8D9653920C187F600C65195 /* AppDelegate.swift in Sources */,
				B80565E820CD58BD00AE9B19 /* customTableViewCell.swift in Sources */,
			);
			runOnlyForDeploymentPostprocessing = 0;
		};
		B8D9654520C187F800C65195 /* Sources */ = {
			isa = PBXSourcesBuildPhase;
			buildActionMask = 2147483647;
			files = (
				B8D9654E20C187F800C65195 /* BudgetAppTests.swift in Sources */,
			);
			runOnlyForDeploymentPostprocessing = 0;
		};
		B8D9655020C187F800C65195 /* Sources */ = {
			isa = PBXSourcesBuildPhase;
			buildActionMask = 2147483647;
			files = (
				B8D9655920C187F800C65195 /* BudgetAppUITests.swift in Sources */,
			);
			runOnlyForDeploymentPostprocessing = 0;
		};
/* End PBXSourcesBuildPhase section */

/* Begin PBXTargetDependency section */
		B8D9654B20C187F800C65195 /* PBXTargetDependency */ = {
			isa = PBXTargetDependency;
			target = B8D9653420C187F600C65195 /* BudgetApp */;
			targetProxy = B8D9654A20C187F800C65195 /* PBXContainerItemProxy */;
		};
		B8D9655620C187F800C65195 /* PBXTargetDependency */ = {
			isa = PBXTargetDependency;
			target = B8D9653420C187F600C65195 /* BudgetApp */;
			targetProxy = B8D9655520C187F800C65195 /* PBXContainerItemProxy */;
		};
/* End PBXTargetDependency section */

/* Begin PBXVariantGroup section */
		B8D9653C20C187F600C65195 /* Main.storyboard */ = {
			isa = PBXVariantGroup;
			children = (
				B8D9653D20C187F600C65195 /* Base */,
			);
			name = Main.storyboard;
			sourceTree = "<group>";
		};
		B8D9654120C187F800C65195 /* LaunchScreen.storyboard */ = {
			isa = PBXVariantGroup;
			children = (
				B8D9654220C187F800C65195 /* Base */,
			);
			name = LaunchScreen.storyboard;
			sourceTree = "<group>";
		};
/* End PBXVariantGroup section */

/* Begin XCBuildConfiguration section */
		B8D9655B20C187F800C65195 /* Debug */ = {
			isa = XCBuildConfiguration;
			buildSettings = {
				ALWAYS_SEARCH_USER_PATHS = NO;
				CLANG_ANALYZER_NONNULL = YES;
				CLANG_ANALYZER_NUMBER_OBJECT_CONVERSION = YES_AGGRESSIVE;
				CLANG_CXX_LANGUAGE_STANDARD = "gnu++14";
				CLANG_CXX_LIBRARY = "libc++";
				CLANG_ENABLE_MODULES = YES;
				CLANG_ENABLE_OBJC_ARC = YES;
				CLANG_ENABLE_OBJC_WEAK = YES;
				CLANG_WARN_BLOCK_CAPTURE_AUTORELEASING = YES;
				CLANG_WARN_BOOL_CONVERSION = YES;
				CLANG_WARN_COMMA = YES;
				CLANG_WARN_CONSTANT_CONVERSION = YES;
				CLANG_WARN_DEPRECATED_OBJC_IMPLEMENTATIONS = YES;
				CLANG_WARN_DIRECT_OBJC_ISA_USAGE = YES_ERROR;
				CLANG_WARN_DOCUMENTATION_COMMENTS = YES;
				CLANG_WARN_EMPTY_BODY = YES;
				CLANG_WARN_ENUM_CONVERSION = YES;
				CLANG_WARN_INFINITE_RECURSION = YES;
				CLANG_WARN_INT_CONVERSION = YES;
				CLANG_WARN_NON_LITERAL_NULL_CONVERSION = YES;
				CLANG_WARN_OBJC_IMPLICIT_RETAIN_SELF = YES;
				CLANG_WARN_OBJC_LITERAL_CONVERSION = YES;
				CLANG_WARN_OBJC_ROOT_CLASS = YES_ERROR;
				CLANG_WARN_RANGE_LOOP_ANALYSIS = YES;
				CLANG_WARN_STRICT_PROTOTYPES = YES;
				CLANG_WARN_SUSPICIOUS_MOVE = YES;
				CLANG_WARN_UNGUARDED_AVAILABILITY = YES_AGGRESSIVE;
				CLANG_WARN_UNREACHABLE_CODE = YES;
				CLANG_WARN__DUPLICATE_METHOD_MATCH = YES;
				CODE_SIGN_IDENTITY = "iPhone Developer";
				COPY_PHASE_STRIP = NO;
				DEBUG_INFORMATION_FORMAT = dwarf;
				ENABLE_STRICT_OBJC_MSGSEND = YES;
				ENABLE_TESTABILITY = YES;
				GCC_C_LANGUAGE_STANDARD = gnu11;
				GCC_DYNAMIC_NO_PIC = NO;
				GCC_NO_COMMON_BLOCKS = YES;
				GCC_OPTIMIZATION_LEVEL = 0;
				GCC_PREPROCESSOR_DEFINITIONS = (
					"DEBUG=1",
					"$(inherited)",
				);
				GCC_WARN_64_TO_32_BIT_CONVERSION = YES;
				GCC_WARN_ABOUT_RETURN_TYPE = YES_ERROR;
				GCC_WARN_UNDECLARED_SELECTOR = YES;
				GCC_WARN_UNINITIALIZED_AUTOS = YES_AGGRESSIVE;
				GCC_WARN_UNUSED_FUNCTION = YES;
				GCC_WARN_UNUSED_VARIABLE = YES;
				IPHONEOS_DEPLOYMENT_TARGET = 11.4;
				MTL_ENABLE_DEBUG_INFO = YES;
				ONLY_ACTIVE_ARCH = YES;
				SDKROOT = iphoneos;
				SWIFT_ACTIVE_COMPILATION_CONDITIONS = DEBUG;
				SWIFT_OPTIMIZATION_LEVEL = "-Onone";
			};
			name = Debug;
		};
		B8D9655C20C187F800C65195 /* Release */ = {
			isa = XCBuildConfiguration;
			buildSettings = {
				ALWAYS_SEARCH_USER_PATHS = NO;
				CLANG_ANALYZER_NONNULL = YES;
				CLANG_ANALYZER_NUMBER_OBJECT_CONVERSION = YES_AGGRESSIVE;
				CLANG_CXX_LANGUAGE_STANDARD = "gnu++14";
				CLANG_CXX_LIBRARY = "libc++";
				CLANG_ENABLE_MODULES = YES;
				CLANG_ENABLE_OBJC_ARC = YES;
				CLANG_ENABLE_OBJC_WEAK = YES;
				CLANG_WARN_BLOCK_CAPTURE_AUTORELEASING = YES;
				CLANG_WARN_BOOL_CONVERSION = YES;
				CLANG_WARN_COMMA = YES;
				CLANG_WARN_CONSTANT_CONVERSION = YES;
				CLANG_WARN_DEPRECATED_OBJC_IMPLEMENTATIONS = YES;
				CLANG_WARN_DIRECT_OBJC_ISA_USAGE = YES_ERROR;
				CLANG_WARN_DOCUMENTATION_COMMENTS = YES;
				CLANG_WARN_EMPTY_BODY = YES;
				CLANG_WARN_ENUM_CONVERSION = YES;
				CLANG_WARN_INFINITE_RECURSION = YES;
				CLANG_WARN_INT_CONVERSION = YES;
				CLANG_WARN_NON_LITERAL_NULL_CONVERSION = YES;
				CLANG_WARN_OBJC_IMPLICIT_RETAIN_SELF = YES;
				CLANG_WARN_OBJC_LITERAL_CONVERSION = YES;
				CLANG_WARN_OBJC_ROOT_CLASS = YES_ERROR;
				CLANG_WARN_RANGE_LOOP_ANALYSIS = YES;
				CLANG_WARN_STRICT_PROTOTYPES = YES;
				CLANG_WARN_SUSPICIOUS_MOVE = YES;
				CLANG_WARN_UNGUARDED_AVAILABILITY = YES_AGGRESSIVE;
				CLANG_WARN_UNREACHABLE_CODE = YES;
				CLANG_WARN__DUPLICATE_METHOD_MATCH = YES;
				CODE_SIGN_IDENTITY = "iPhone Developer";
				COPY_PHASE_STRIP = NO;
				DEBUG_INFORMATION_FORMAT = "dwarf-with-dsym";
				ENABLE_NS_ASSERTIONS = NO;
				ENABLE_STRICT_OBJC_MSGSEND = YES;
				GCC_C_LANGUAGE_STANDARD = gnu11;
				GCC_NO_COMMON_BLOCKS = YES;
				GCC_WARN_64_TO_32_BIT_CONVERSION = YES;
				GCC_WARN_ABOUT_RETURN_TYPE = YES_ERROR;
				GCC_WARN_UNDECLARED_SELECTOR = YES;
				GCC_WARN_UNINITIALIZED_AUTOS = YES_AGGRESSIVE;
				GCC_WARN_UNUSED_FUNCTION = YES;
				GCC_WARN_UNUSED_VARIABLE = YES;
				IPHONEOS_DEPLOYMENT_TARGET = 11.4;
				MTL_ENABLE_DEBUG_INFO = NO;
				SDKROOT = iphoneos;
				SWIFT_COMPILATION_MODE = wholemodule;
				SWIFT_OPTIMIZATION_LEVEL = "-O";
				VALIDATE_PRODUCT = YES;
			};
			name = Release;
		};
		B8D9655E20C187F800C65195 /* Debug */ = {
			isa = XCBuildConfiguration;
			buildSettings = {
				ASSETCATALOG_COMPILER_APPICON_NAME = AppIcon;
				CODE_SIGN_STYLE = Automatic;
				DEVELOPMENT_TEAM = JG9ZUKY4DN;
				INFOPLIST_FILE = BudgetApp/Info.plist;
				LD_RUNPATH_SEARCH_PATHS = (
					"$(inherited)",
					"@executable_path/Frameworks",
				);
				PRODUCT_BUNDLE_IDENTIFIER = Chris.BudgetApp;
				PRODUCT_NAME = "$(TARGET_NAME)";
				SWIFT_VERSION = 4.0;
				TARGETED_DEVICE_FAMILY = "1,2";
			};
			name = Debug;
		};
		B8D9655F20C187F800C65195 /* Release */ = {
			isa = XCBuildConfiguration;
			buildSettings = {
				ASSETCATALOG_COMPILER_APPICON_NAME = AppIcon;
				CODE_SIGN_STYLE = Automatic;
				DEVELOPMENT_TEAM = JG9ZUKY4DN;
				INFOPLIST_FILE = BudgetApp/Info.plist;
				LD_RUNPATH_SEARCH_PATHS = (
					"$(inherited)",
					"@executable_path/Frameworks",
				);
				PRODUCT_BUNDLE_IDENTIFIER = Chris.BudgetApp;
				PRODUCT_NAME = "$(TARGET_NAME)";
				SWIFT_VERSION = 4.0;
				TARGETED_DEVICE_FAMILY = "1,2";
			};
			name = Release;
		};
		B8D9656120C187F800C65195 /* Debug */ = {
			isa = XCBuildConfiguration;
			buildSettings = {
				ALWAYS_EMBED_SWIFT_STANDARD_LIBRARIES = YES;
				BUNDLE_LOADER = "$(TEST_HOST)";
				CODE_SIGN_STYLE = Automatic;
				DEVELOPMENT_TEAM = JG9ZUKY4DN;
				INFOPLIST_FILE = BudgetAppTests/Info.plist;
				LD_RUNPATH_SEARCH_PATHS = (
					"$(inherited)",
					"@executable_path/Frameworks",
					"@loader_path/Frameworks",
				);
				PRODUCT_BUNDLE_IDENTIFIER = Chris.BudgetAppTests;
				PRODUCT_NAME = "$(TARGET_NAME)";
				SWIFT_VERSION = 4.0;
				TARGETED_DEVICE_FAMILY = "1,2";
				TEST_HOST = "$(BUILT_PRODUCTS_DIR)/BudgetApp.app/BudgetApp";
			};
			name = Debug;
		};
		B8D9656220C187F800C65195 /* Release */ = {
			isa = XCBuildConfiguration;
			buildSettings = {
				ALWAYS_EMBED_SWIFT_STANDARD_LIBRARIES = YES;
				BUNDLE_LOADER = "$(TEST_HOST)";
				CODE_SIGN_STYLE = Automatic;
				DEVELOPMENT_TEAM = JG9ZUKY4DN;
				INFOPLIST_FILE = BudgetAppTests/Info.plist;
				LD_RUNPATH_SEARCH_PATHS = (
					"$(inherited)",
					"@executable_path/Frameworks",
					"@loader_path/Frameworks",
				);
				PRODUCT_BUNDLE_IDENTIFIER = Chris.BudgetAppTests;
				PRODUCT_NAME = "$(TARGET_NAME)";
				SWIFT_VERSION = 4.0;
				TARGETED_DEVICE_FAMILY = "1,2";
				TEST_HOST = "$(BUILT_PRODUCTS_DIR)/BudgetApp.app/BudgetApp";
			};
			name = Release;
		};
		B8D9656420C187F800C65195 /* Debug */ = {
			isa = XCBuildConfiguration;
			buildSettings = {
				ALWAYS_EMBED_SWIFT_STANDARD_LIBRARIES = YES;
				CODE_SIGN_STYLE = Automatic;
				DEVELOPMENT_TEAM = JG9ZUKY4DN;
				INFOPLIST_FILE = BudgetAppUITests/Info.plist;
				LD_RUNPATH_SEARCH_PATHS = (
					"$(inherited)",
					"@executable_path/Frameworks",
					"@loader_path/Frameworks",
				);
				PRODUCT_BUNDLE_IDENTIFIER = Chris.BudgetAppUITests;
				PRODUCT_NAME = "$(TARGET_NAME)";
				SWIFT_VERSION = 4.0;
				TARGETED_DEVICE_FAMILY = "1,2";
				TEST_TARGET_NAME = BudgetApp;
			};
			name = Debug;
		};
		B8D9656520C187F800C65195 /* Release */ = {
			isa = XCBuildConfiguration;
			buildSettings = {
				ALWAYS_EMBED_SWIFT_STANDARD_LIBRARIES = YES;
				CODE_SIGN_STYLE = Automatic;
				DEVELOPMENT_TEAM = JG9ZUKY4DN;
				INFOPLIST_FILE = BudgetAppUITests/Info.plist;
				LD_RUNPATH_SEARCH_PATHS = (
					"$(inherited)",
					"@executable_path/Frameworks",
					"@loader_path/Frameworks",
				);
				PRODUCT_BUNDLE_IDENTIFIER = Chris.BudgetAppUITests;
				PRODUCT_NAME = "$(TARGET_NAME)";
				SWIFT_VERSION = 4.0;
				TARGETED_DEVICE_FAMILY = "1,2";
				TEST_TARGET_NAME = BudgetApp;
			};
			name = Release;
		};
/* End XCBuildConfiguration section */

/* Begin XCConfigurationList section */
		B8D9653020C187F600C65195 /* Build configuration list for PBXProject "BudgetApp" */ = {
			isa = XCConfigurationList;
			buildConfigurations = (
				B8D9655B20C187F800C65195 /* Debug */,
				B8D9655C20C187F800C65195 /* Release */,
			);
			defaultConfigurationIsVisible = 0;
			defaultConfigurationName = Release;
		};
		B8D9655D20C187F800C65195 /* Build configuration list for PBXNativeTarget "BudgetApp" */ = {
			isa = XCConfigurationList;
			buildConfigurations = (
				B8D9655E20C187F800C65195 /* Debug */,
				B8D9655F20C187F800C65195 /* Release */,
			);
			defaultConfigurationIsVisible = 0;
			defaultConfigurationName = Release;
		};
		B8D9656020C187F800C65195 /* Build configuration list for PBXNativeTarget "BudgetAppTests" */ = {
			isa = XCConfigurationList;
			buildConfigurations = (
				B8D9656120C187F800C65195 /* Debug */,
				B8D9656220C187F800C65195 /* Release */,
			);
			defaultConfigurationIsVisible = 0;
			defaultConfigurationName = Release;
		};
		B8D9656320C187F800C65195 /* Build configuration list for PBXNativeTarget "BudgetAppUITests" */ = {
			isa = XCConfigurationList;
			buildConfigurations = (
				B8D9656420C187F800C65195 /* Debug */,
				B8D9656520C187F800C65195 /* Release */,
			);
			defaultConfigurationIsVisible = 0;
			defaultConfigurationName = Release;
		};
/* End XCConfigurationList section */
	};
	rootObject = B8D9652D20C187F600C65195 /* Project object */;
}
